
Microsoft Visual Studio Solution File, Format Version 12.00
# Visual Studio Version 16
VisualStudioVersion = 16.0.30002.166
MinimumVisualStudioVersion = 10.0.40219.1
Project("{FAE04EC0-301F-11D3-BF4B-00C04F79EFBC}") = "temp", "temp\temp.csproj", "{CA2E68FC-E24D-47A7-B616-43883418504B}"
EndProject
Global
	GlobalSection(SolutionConfigurationPlatforms) = preSolution
		Debug|Any CPU = Debug|Any CPU
		Release|Any CPU = Release|Any CPU
	EndGlobalSection
	GlobalSection(ProjectConfigurationPlatforms) = postSolution
		{CA2E68FC-E24D-47A7-B616-43883418504B}.Debug|Any CPU.ActiveCfg = Debug|Any CPU
		{CA2E68FC-E24D-47A7-B616-43883418504B}.Debug|Any CPU.Build.0 = Debug|Any CPU
		{CA2E68FC-E24D-47A7-B616-43883418504B}.Release|Any CPU.ActiveCfg = Release|Any CPU
		{CA2E68FC-E24D-47A7-B616-43883418504B}.Release|Any CPU.Build.0 = Release|Any CPU
	EndGlobalSection
	GlobalSection(SolutionProperties) = preSolution
		HideSolutionNode = FALSE
	EndGlobalSection
	GlobalSection(ExtensibilityGlobals) = postSolution
		SolutionGuid = {BDA82204-09CC-4E1D-B7D9-AA836F84B5B4}
	EndGlobalSection
EndGlobal
